
Microsoft Visual Studio Solution File, Format Version 12.00
# Visual Studio Version 17
VisualStudioVersion = 17.3.32929.385
MinimumVisualStudioVersion = 10.0.40219.1
Project("{9A19103F-16F7-4668-BE54-9A1E7A4F7556}") = "CardGames", "CardGames\CardGames.csproj", "{5B228E56-C3EA-4E00-B1AD-2EBA2BEE02E4}"
EndProject
Project("{FAE04EC0-301F-11D3-BF4B-00C04F79EFBC}") = "CardGamesTests", "CardGamesTests\CardGamesTests.csproj", "{5EE952BF-2FD5-4081-B34C-900ADBCE44B4}"
EndProject
Global
	GlobalSection(SolutionConfigurationPlatforms) = preSolution
		Debug|Any CPU = Debug|Any CPU
		Release|Any CPU = Release|Any CPU
	EndGlobalSection
	GlobalSection(ProjectConfigurationPlatforms) = postSolution
		{5B228E56-C3EA-4E00-B1AD-2EBA2BEE02E4}.Debug|Any CPU.ActiveCfg = Debug|Any CPU
		{5B228E56-C3EA-4E00-B1AD-2EBA2BEE02E4}.Debug|Any CPU.Build.0 = Debug|Any CPU
		{5B228E56-C3EA-4E00-B1AD-2EBA2BEE02E4}.Release|Any CPU.ActiveCfg = Release|Any CPU
		{5B228E56-C3EA-4E00-B1AD-2EBA2BEE02E4}.Release|Any CPU.Build.0 = Release|Any CPU
		{5EE952BF-2FD5-4081-B34C-900ADBCE44B4}.Debug|Any CPU.ActiveCfg = Debug|Any CPU
		{5EE952BF-2FD5-4081-B34C-900ADBCE44B4}.Debug|Any CPU.Build.0 = Debug|Any CPU
		{5EE952BF-2FD5-4081-B34C-900ADBCE44B4}.Release|Any CPU.ActiveCfg = Release|Any CPU
		{5EE952BF-2FD5-4081-B34C-900ADBCE44B4}.Release|Any CPU.Build.0 = Release|Any CPU
	EndGlobalSection
	GlobalSection(SolutionProperties) = preSolution
		HideSolutionNode = FALSE
	EndGlobalSection
	GlobalSection(ExtensibilityGlobals) = postSolution
		SolutionGuid = {4847EE9B-3116-4D32-9D69-C3B95A96BCF7}
	EndGlobalSection
EndGlobal
